
Microsoft Visual Studio Solution File, Format Version 12.00
# Visual Studio Version 17
VisualStudioVersion = 17.7.34202.233
MinimumVisualStudioVersion = 10.0.40219.1
Project("{9A19103F-16F7-4668-BE54-9A1E7A4F7556}") = "HPLibrary.Application", "HPLibrary.Application\HPLibrary.Application.csproj", "{FFB9BFD2-4FA3-4F40-A2F5-676005EDEC41}"
EndProject
Project("{9A19103F-16F7-4668-BE54-9A1E7A4F7556}") = "HPLibrary.Core", "HPLibrary.Core\HPLibrary.Core.csproj", "{6D2EC5E4-C547-4AB4-9B7B-6AB0CDB876C5}"
EndProject
Global
	GlobalSection(SolutionConfigurationPlatforms) = preSolution
		Debug|Any CPU = Debug|Any CPU
		Release|Any CPU = Release|Any CPU
	EndGlobalSection
	GlobalSection(ProjectConfigurationPlatforms) = postSolution
		{FFB9BFD2-4FA3-4F40-A2F5-676005EDEC41}.Debug|Any CPU.ActiveCfg = Debug|Any CPU
		{FFB9BFD2-4FA3-4F40-A2F5-676005EDEC41}.Debug|Any CPU.Build.0 = Debug|Any CPU
		{FFB9BFD2-4FA3-4F40-A2F5-676005EDEC41}.Release|Any CPU.ActiveCfg = Release|Any CPU
		{FFB9BFD2-4FA3-4F40-A2F5-676005EDEC41}.Release|Any CPU.Build.0 = Release|Any CPU
		{6D2EC5E4-C547-4AB4-9B7B-6AB0CDB876C5}.Debug|Any CPU.ActiveCfg = Debug|Any CPU
		{6D2EC5E4-C547-4AB4-9B7B-6AB0CDB876C5}.Debug|Any CPU.Build.0 = Debug|Any CPU
		{6D2EC5E4-C547-4AB4-9B7B-6AB0CDB876C5}.Release|Any CPU.ActiveCfg = Release|Any CPU
		{6D2EC5E4-C547-4AB4-9B7B-6AB0CDB876C5}.Release|Any CPU.Build.0 = Release|Any CPU
	EndGlobalSection
	GlobalSection(SolutionProperties) = preSolution
		HideSolutionNode = FALSE
	EndGlobalSection
	GlobalSection(ExtensibilityGlobals) = postSolution
		SolutionGuid = {B8EC19EA-1157-4150-9282-40D3506291A6}
	EndGlobalSection
EndGlobal
